{
  "nodes": {
    "nixpkgs": {
      "locked": {
        "lastModified": 1790463110,
        "narHash": "sha256-hKlVl12B1dF0Q5vd9dY3lIJM5mFGWYSlXwSLAqHZ1+s=",
        "owner": "NixOS",
        "repo": "nixpkgs",
        "rev": "e158d9ed9b51c98974c5e66e1ba1c9e0255fecaa",
        "type": "github"
      },
      "original": {
        "owner": "NixOS",
        "ref": "nixos-unstable",
        "repo": "nixpkgs",
        "type": "github"
      }
    },
    "pleamar": {
      "inputs": {
        "nixpkgs": [
          "nixpkgs"
        ]
      },
      "locked": {
        "lastModified": 1791264568,
        "narHash": "sha256-mBCxQkEnEBgBcgzeWQoXGRMs8cQ8+Gb0yIdGtZMucAg=",
        "owner": "k4ditano",
        "repo": "pleamar",
        "rev": "6f899ee8dc1ad234c1d915a87e794d3db7f04f1c",
        "type": "github"
      },
      "original": {
        "owner": "k4ditano",
        "repo": "pleamar",
        "type": "github"
      }
    },
    "root": {
      "inputs": {
        "nixpkgs": "nixpkgs",
        "pleamar": "pleamar"
      }
    }
  },
  "root": "root",
  "version": 7
}
